
Microsoft Visual Studio Solution File, Format Version 12.00
# Visual Studio Version 16
VisualStudioVersion = 16.0.30002.166
MinimumVisualStudioVersion = 10.0.40219.1
Project("{FAE04EC0-301F-11D3-BF4B-00C04F79EFBC}") = "Activity1002_Using_TransparentDataEncryption", "Activity1002_Using_TransparentDataEncryption\Activity1002_Using_TransparentDataEncryption.csproj", "{9DBD1FDF-F680-413E-8C61-0876128A7DE3}"
EndProject
Project("{9A19103F-16F7-4668-BE54-9A1E7A4F7556}") = "EF_Activity001", "EF_Activity001\EF_Activity001.csproj", "{784038D8-F0A2-4EC5-BA28-ADDF8AD1E8FB}"
EndProject
Project("{9A19103F-16F7-4668-BE54-9A1E7A4F7556}") = "InventoryHelpers", "InventoryHelpers\InventoryHelpers.csproj", "{1E6A17F8-A152-47D6-A427-30B0837CE29C}"
EndProject
Global
	GlobalSection(SolutionConfigurationPlatforms) = preSolution
		Debug|Any CPU = Debug|Any CPU
		Release|Any CPU = Release|Any CPU
	EndGlobalSection
	GlobalSection(ProjectConfigurationPlatforms) = postSolution
		{9DBD1FDF-F680-413E-8C61-0876128A7DE3}.Debug|Any CPU.ActiveCfg = Debug|Any CPU
		{9DBD1FDF-F680-413E-8C61-0876128A7DE3}.Debug|Any CPU.Build.0 = Debug|Any CPU
		{9DBD1FDF-F680-413E-8C61-0876128A7DE3}.Release|Any CPU.ActiveCfg = Release|Any CPU
		{9DBD1FDF-F680-413E-8C61-0876128A7DE3}.Release|Any CPU.Build.0 = Release|Any CPU
		{784038D8-F0A2-4EC5-BA28-ADDF8AD1E8FB}.Debug|Any CPU.ActiveCfg = Debug|Any CPU
		{784038D8-F0A2-4EC5-BA28-ADDF8AD1E8FB}.Debug|Any CPU.Build.0 = Debug|Any CPU
		{784038D8-F0A2-4EC5-BA28-ADDF8AD1E8FB}.Release|Any CPU.ActiveCfg = Release|Any CPU
		{784038D8-F0A2-4EC5-BA28-ADDF8AD1E8FB}.Release|Any CPU.Build.0 = Release|Any CPU
		{1E6A17F8-A152-47D6-A427-30B0837CE29C}.Debug|Any CPU.ActiveCfg = Debug|Any CPU
		{1E6A17F8-A152-47D6-A427-30B0837CE29C}.Debug|Any CPU.Build.0 = Debug|Any CPU
		{1E6A17F8-A152-47D6-A427-30B0837CE29C}.Release|Any CPU.ActiveCfg = Release|Any CPU
		{1E6A17F8-A152-47D6-A427-30B0837CE29C}.Release|Any CPU.Build.0 = Release|Any CPU
	EndGlobalSection
	GlobalSection(SolutionProperties) = preSolution
		HideSolutionNode = FALSE
	EndGlobalSection
	GlobalSection(ExtensibilityGlobals) = postSolution
		SolutionGuid = {D31B6CB4-2CC4-4C63-A808-EFFC33D8553C}
	EndGlobalSection
EndGlobal
