
Microsoft Visual Studio Solution File, Format Version 12.00
# Visual Studio Version 16
VisualStudioVersion = 16.0.30002.166
MinimumVisualStudioVersion = 10.0.40219.1
Project("{FAE04EC0-301F-11D3-BF4B-00C04F79EFBC}") = "Activity0902_SettingUpAutomapper", "Activity0902_SettingUpAutomapper\Activity0902_SettingUpAutomapper.csproj", "{F303BBCF-ED7F-4546-8B75-4EF7D210FBC4}"
EndProject
Project("{9A19103F-16F7-4668-BE54-9A1E7A4F7556}") = "InventoryDatabaseCore", "InventoryDatabaseCore\InventoryDatabaseCore.csproj", "{F0624468-5850-474F-8874-382C6B20ECEE}"
EndProject
Project("{9A19103F-16F7-4668-BE54-9A1E7A4F7556}") = "InventoryDataMigrator", "InventoryDataMigrator\InventoryDataMigrator.csproj", "{AAFE1AEF-E05F-466D-BCF7-B855277D412F}"
EndProject
Project("{9A19103F-16F7-4668-BE54-9A1E7A4F7556}") = "InventoryHelpers", "InventoryHelpers\InventoryHelpers.csproj", "{FBD3D674-E0B8-486B-8F46-9AB622F038C8}"
EndProject
Project("{9A19103F-16F7-4668-BE54-9A1E7A4F7556}") = "InventoryModels", "InventoryModels\InventoryModels.csproj", "{6A742FE9-4FB2-43FE-A67D-447682B89294}"
EndProject
Global
	GlobalSection(SolutionConfigurationPlatforms) = preSolution
		Debug|Any CPU = Debug|Any CPU
		Release|Any CPU = Release|Any CPU
	EndGlobalSection
	GlobalSection(ProjectConfigurationPlatforms) = postSolution
		{F303BBCF-ED7F-4546-8B75-4EF7D210FBC4}.Debug|Any CPU.ActiveCfg = Debug|Any CPU
		{F303BBCF-ED7F-4546-8B75-4EF7D210FBC4}.Debug|Any CPU.Build.0 = Debug|Any CPU
		{F303BBCF-ED7F-4546-8B75-4EF7D210FBC4}.Release|Any CPU.ActiveCfg = Release|Any CPU
		{F303BBCF-ED7F-4546-8B75-4EF7D210FBC4}.Release|Any CPU.Build.0 = Release|Any CPU
		{F0624468-5850-474F-8874-382C6B20ECEE}.Debug|Any CPU.ActiveCfg = Debug|Any CPU
		{F0624468-5850-474F-8874-382C6B20ECEE}.Debug|Any CPU.Build.0 = Debug|Any CPU
		{F0624468-5850-474F-8874-382C6B20ECEE}.Release|Any CPU.ActiveCfg = Release|Any CPU
		{F0624468-5850-474F-8874-382C6B20ECEE}.Release|Any CPU.Build.0 = Release|Any CPU
		{AAFE1AEF-E05F-466D-BCF7-B855277D412F}.Debug|Any CPU.ActiveCfg = Debug|Any CPU
		{AAFE1AEF-E05F-466D-BCF7-B855277D412F}.Debug|Any CPU.Build.0 = Debug|Any CPU
		{AAFE1AEF-E05F-466D-BCF7-B855277D412F}.Release|Any CPU.ActiveCfg = Release|Any CPU
		{AAFE1AEF-E05F-466D-BCF7-B855277D412F}.Release|Any CPU.Build.0 = Release|Any CPU
		{FBD3D674-E0B8-486B-8F46-9AB622F038C8}.Debug|Any CPU.ActiveCfg = Debug|Any CPU
		{FBD3D674-E0B8-486B-8F46-9AB622F038C8}.Debug|Any CPU.Build.0 = Debug|Any CPU
		{FBD3D674-E0B8-486B-8F46-9AB622F038C8}.Release|Any CPU.ActiveCfg = Release|Any CPU
		{FBD3D674-E0B8-486B-8F46-9AB622F038C8}.Release|Any CPU.Build.0 = Release|Any CPU
		{6A742FE9-4FB2-43FE-A67D-447682B89294}.Debug|Any CPU.ActiveCfg = Debug|Any CPU
		{6A742FE9-4FB2-43FE-A67D-447682B89294}.Debug|Any CPU.Build.0 = Debug|Any CPU
		{6A742FE9-4FB2-43FE-A67D-447682B89294}.Release|Any CPU.ActiveCfg = Release|Any CPU
		{6A742FE9-4FB2-43FE-A67D-447682B89294}.Release|Any CPU.Build.0 = Release|Any CPU
	EndGlobalSection
	GlobalSection(SolutionProperties) = preSolution
		HideSolutionNode = FALSE
	EndGlobalSection
	GlobalSection(ExtensibilityGlobals) = postSolution
		SolutionGuid = {AE04422B-9F97-4923-AC77-A9CD20F2B8AE}
	EndGlobalSection
EndGlobal
