
Microsoft Visual Studio Solution File, Format Version 12.00
# Visual Studio Version 16
VisualStudioVersion = 16.0.30002.166
MinimumVisualStudioVersion = 10.0.40219.1
Project("{FAE04EC0-301F-11D3-BF4B-00C04F79EFBC}") = "Activity0901_QueriesAndProjections", "Activity0901_QueriesAndProjections\Activity0901_QueriesAndProjections.csproj", "{1D5452C6-6928-47F0-A799-B9D15462A26F}"
EndProject
Project("{9A19103F-16F7-4668-BE54-9A1E7A4F7556}") = "EF_Activity001", "EF_Activity001\EF_Activity001.csproj", "{023A1543-BB35-448B-A595-F3F4612E18A4}"
EndProject
Project("{9A19103F-16F7-4668-BE54-9A1E7A4F7556}") = "InventoryHelpers", "InventoryHelpers\InventoryHelpers.csproj", "{958052C1-3450-4B69-9B9F-CDD39D42AC9B}"
EndProject
Global
	GlobalSection(SolutionConfigurationPlatforms) = preSolution
		Debug|Any CPU = Debug|Any CPU
		Release|Any CPU = Release|Any CPU
	EndGlobalSection
	GlobalSection(ProjectConfigurationPlatforms) = postSolution
		{1D5452C6-6928-47F0-A799-B9D15462A26F}.Debug|Any CPU.ActiveCfg = Debug|Any CPU
		{1D5452C6-6928-47F0-A799-B9D15462A26F}.Debug|Any CPU.Build.0 = Debug|Any CPU
		{1D5452C6-6928-47F0-A799-B9D15462A26F}.Release|Any CPU.ActiveCfg = Release|Any CPU
		{1D5452C6-6928-47F0-A799-B9D15462A26F}.Release|Any CPU.Build.0 = Release|Any CPU
		{023A1543-BB35-448B-A595-F3F4612E18A4}.Debug|Any CPU.ActiveCfg = Debug|Any CPU
		{023A1543-BB35-448B-A595-F3F4612E18A4}.Debug|Any CPU.Build.0 = Debug|Any CPU
		{023A1543-BB35-448B-A595-F3F4612E18A4}.Release|Any CPU.ActiveCfg = Release|Any CPU
		{023A1543-BB35-448B-A595-F3F4612E18A4}.Release|Any CPU.Build.0 = Release|Any CPU
		{958052C1-3450-4B69-9B9F-CDD39D42AC9B}.Debug|Any CPU.ActiveCfg = Debug|Any CPU
		{958052C1-3450-4B69-9B9F-CDD39D42AC9B}.Debug|Any CPU.Build.0 = Debug|Any CPU
		{958052C1-3450-4B69-9B9F-CDD39D42AC9B}.Release|Any CPU.ActiveCfg = Release|Any CPU
		{958052C1-3450-4B69-9B9F-CDD39D42AC9B}.Release|Any CPU.Build.0 = Release|Any CPU
	EndGlobalSection
	GlobalSection(SolutionProperties) = preSolution
		HideSolutionNode = FALSE
	EndGlobalSection
	GlobalSection(ExtensibilityGlobals) = postSolution
		SolutionGuid = {6247299F-2ACC-4B85-9D0D-8914504CDD1D}
	EndGlobalSection
EndGlobal
