
Microsoft Visual Studio Solution File, Format Version 12.00
# Visual Studio Version 16
VisualStudioVersion = 16.0.30002.166
MinimumVisualStudioVersion = 10.0.40219.1
Project("{FAE04EC0-301F-11D3-BF4B-00C04F79EFBC}") = "Activity0301_EFCore", "Activity0301_EFCore\Activity0301_EFCore.csproj", "{ADEB11EA-BAEB-4112-8945-10926499D9B2}"
EndProject
Project("{9A19103F-16F7-4668-BE54-9A1E7A4F7556}") = "EF_Activity001", "EF_Activity001\EF_Activity001.csproj", "{60331199-B64D-4875-AA11-AD486874771F}"
EndProject
Global
	GlobalSection(SolutionConfigurationPlatforms) = preSolution
		Debug|Any CPU = Debug|Any CPU
		Release|Any CPU = Release|Any CPU
	EndGlobalSection
	GlobalSection(ProjectConfigurationPlatforms) = postSolution
		{ADEB11EA-BAEB-4112-8945-10926499D9B2}.Debug|Any CPU.ActiveCfg = Debug|Any CPU
		{ADEB11EA-BAEB-4112-8945-10926499D9B2}.Debug|Any CPU.Build.0 = Debug|Any CPU
		{ADEB11EA-BAEB-4112-8945-10926499D9B2}.Release|Any CPU.ActiveCfg = Release|Any CPU
		{ADEB11EA-BAEB-4112-8945-10926499D9B2}.Release|Any CPU.Build.0 = Release|Any CPU
		{60331199-B64D-4875-AA11-AD486874771F}.Debug|Any CPU.ActiveCfg = Debug|Any CPU
		{60331199-B64D-4875-AA11-AD486874771F}.Debug|Any CPU.Build.0 = Debug|Any CPU
		{60331199-B64D-4875-AA11-AD486874771F}.Release|Any CPU.ActiveCfg = Release|Any CPU
		{60331199-B64D-4875-AA11-AD486874771F}.Release|Any CPU.Build.0 = Release|Any CPU
	EndGlobalSection
	GlobalSection(SolutionProperties) = preSolution
		HideSolutionNode = FALSE
	EndGlobalSection
	GlobalSection(ExtensibilityGlobals) = postSolution
		SolutionGuid = {FB8B8D25-6625-44F4-87C5-1284E84CB6C1}
	EndGlobalSection
EndGlobal
