
Microsoft Visual Studio Solution File, Format Version 12.00
# Visual Studio Version 16
VisualStudioVersion = 16.0.30002.166
MinimumVisualStudioVersion = 10.0.40219.1
Project("{FAE04EC0-301F-11D3-BF4B-00C04F79EFBC}") = "Activity0703_WorkingWithViews", "Activity0703_WorkingWithViews\Activity0703_WorkingWithViews.csproj", "{99862AC3-4B49-4B16-8B8D-71AC0C64F993}"
EndProject
Project("{9A19103F-16F7-4668-BE54-9A1E7A4F7556}") = "InventoryDatabaseCore", "InventoryDatabaseCore\InventoryDatabaseCore.csproj", "{D02E64C7-5971-4CB8-A2E8-EDFF149EF4C3}"
EndProject
Project("{9A19103F-16F7-4668-BE54-9A1E7A4F7556}") = "InventoryDataMigrator", "InventoryDataMigrator\InventoryDataMigrator.csproj", "{101BB826-C63F-4CEF-9161-318649531220}"
EndProject
Project("{9A19103F-16F7-4668-BE54-9A1E7A4F7556}") = "InventoryHelpers", "InventoryHelpers\InventoryHelpers.csproj", "{BC383F46-93E6-463B-930A-4418D31819C1}"
EndProject
Project("{9A19103F-16F7-4668-BE54-9A1E7A4F7556}") = "InventoryModels", "InventoryModels\InventoryModels.csproj", "{D9A528A3-42C6-43C3-A4DD-2DAFEE38DC38}"
EndProject
Global
	GlobalSection(SolutionConfigurationPlatforms) = preSolution
		Debug|Any CPU = Debug|Any CPU
		Release|Any CPU = Release|Any CPU
	EndGlobalSection
	GlobalSection(ProjectConfigurationPlatforms) = postSolution
		{99862AC3-4B49-4B16-8B8D-71AC0C64F993}.Debug|Any CPU.ActiveCfg = Debug|Any CPU
		{99862AC3-4B49-4B16-8B8D-71AC0C64F993}.Debug|Any CPU.Build.0 = Debug|Any CPU
		{99862AC3-4B49-4B16-8B8D-71AC0C64F993}.Release|Any CPU.ActiveCfg = Release|Any CPU
		{99862AC3-4B49-4B16-8B8D-71AC0C64F993}.Release|Any CPU.Build.0 = Release|Any CPU
		{D02E64C7-5971-4CB8-A2E8-EDFF149EF4C3}.Debug|Any CPU.ActiveCfg = Debug|Any CPU
		{D02E64C7-5971-4CB8-A2E8-EDFF149EF4C3}.Debug|Any CPU.Build.0 = Debug|Any CPU
		{D02E64C7-5971-4CB8-A2E8-EDFF149EF4C3}.Release|Any CPU.ActiveCfg = Release|Any CPU
		{D02E64C7-5971-4CB8-A2E8-EDFF149EF4C3}.Release|Any CPU.Build.0 = Release|Any CPU
		{101BB826-C63F-4CEF-9161-318649531220}.Debug|Any CPU.ActiveCfg = Debug|Any CPU
		{101BB826-C63F-4CEF-9161-318649531220}.Debug|Any CPU.Build.0 = Debug|Any CPU
		{101BB826-C63F-4CEF-9161-318649531220}.Release|Any CPU.ActiveCfg = Release|Any CPU
		{101BB826-C63F-4CEF-9161-318649531220}.Release|Any CPU.Build.0 = Release|Any CPU
		{BC383F46-93E6-463B-930A-4418D31819C1}.Debug|Any CPU.ActiveCfg = Debug|Any CPU
		{BC383F46-93E6-463B-930A-4418D31819C1}.Debug|Any CPU.Build.0 = Debug|Any CPU
		{BC383F46-93E6-463B-930A-4418D31819C1}.Release|Any CPU.ActiveCfg = Release|Any CPU
		{BC383F46-93E6-463B-930A-4418D31819C1}.Release|Any CPU.Build.0 = Release|Any CPU
		{D9A528A3-42C6-43C3-A4DD-2DAFEE38DC38}.Debug|Any CPU.ActiveCfg = Debug|Any CPU
		{D9A528A3-42C6-43C3-A4DD-2DAFEE38DC38}.Debug|Any CPU.Build.0 = Debug|Any CPU
		{D9A528A3-42C6-43C3-A4DD-2DAFEE38DC38}.Release|Any CPU.ActiveCfg = Release|Any CPU
		{D9A528A3-42C6-43C3-A4DD-2DAFEE38DC38}.Release|Any CPU.Build.0 = Release|Any CPU
	EndGlobalSection
	GlobalSection(SolutionProperties) = preSolution
		HideSolutionNode = FALSE
	EndGlobalSection
	GlobalSection(ExtensibilityGlobals) = postSolution
		SolutionGuid = {06FCED3F-2EC8-46B2-930D-D48F663B584D}
	EndGlobalSection
EndGlobal
