
Microsoft Visual Studio Solution File, Format Version 12.00
# Visual Studio Version 16
VisualStudioVersion = 16.0.30002.166
MinimumVisualStudioVersion = 10.0.40219.1
Project("{FAE04EC0-301F-11D3-BF4B-00C04F79EFBC}") = "Activity1402_MultipleDatabaseContexts", "Activity1402_MultipleDatabaseContexts\Activity1402_MultipleDatabaseContexts.csproj", "{B185684A-4E66-45C6-B074-F506A296A8A6}"
EndProject
Global
	GlobalSection(SolutionConfigurationPlatforms) = preSolution
		Debug|Any CPU = Debug|Any CPU
		Release|Any CPU = Release|Any CPU
	EndGlobalSection
	GlobalSection(ProjectConfigurationPlatforms) = postSolution
		{B185684A-4E66-45C6-B074-F506A296A8A6}.Debug|Any CPU.ActiveCfg = Debug|Any CPU
		{B185684A-4E66-45C6-B074-F506A296A8A6}.Debug|Any CPU.Build.0 = Debug|Any CPU
		{B185684A-4E66-45C6-B074-F506A296A8A6}.Release|Any CPU.ActiveCfg = Release|Any CPU
		{B185684A-4E66-45C6-B074-F506A296A8A6}.Release|Any CPU.Build.0 = Release|Any CPU
	EndGlobalSection
	GlobalSection(SolutionProperties) = preSolution
		HideSolutionNode = FALSE
	EndGlobalSection
	GlobalSection(ExtensibilityGlobals) = postSolution
		SolutionGuid = {1EB57480-47DF-40B7-8786-7421C18CC153}
	EndGlobalSection
EndGlobal
