
Microsoft Visual Studio Solution File, Format Version 12.00
# Visual Studio Version 16
VisualStudioVersion = 16.0.29418.71
MinimumVisualStudioVersion = 10.0.40219.1
Project("{FAE04EC0-301F-11D3-BF4B-00C04F79EFBC}") = "EF_Activity001", "EF_Activity001\EF_Activity001.csproj", "{230A8935-6523-4110-8F3C-C7346B01F669}"
EndProject
Global
	GlobalSection(SolutionConfigurationPlatforms) = preSolution
		Debug|Any CPU = Debug|Any CPU
		Release|Any CPU = Release|Any CPU
	EndGlobalSection
	GlobalSection(ProjectConfigurationPlatforms) = postSolution
		{230A8935-6523-4110-8F3C-C7346B01F669}.Debug|Any CPU.ActiveCfg = Debug|Any CPU
		{230A8935-6523-4110-8F3C-C7346B01F669}.Debug|Any CPU.Build.0 = Debug|Any CPU
		{230A8935-6523-4110-8F3C-C7346B01F669}.Release|Any CPU.ActiveCfg = Release|Any CPU
		{230A8935-6523-4110-8F3C-C7346B01F669}.Release|Any CPU.Build.0 = Release|Any CPU
	EndGlobalSection
	GlobalSection(SolutionProperties) = preSolution
		HideSolutionNode = FALSE
	EndGlobalSection
	GlobalSection(ExtensibilityGlobals) = postSolution
		SolutionGuid = {470C1055-DD6A-47C3-B155-E2C6E1059282}
	EndGlobalSection
EndGlobal
