
Microsoft Visual Studio Solution File, Format Version 12.00
# Visual Studio Version 16
VisualStudioVersion = 16.0.30002.166
MinimumVisualStudioVersion = 10.0.40219.1
Project("{FAE04EC0-301F-11D3-BF4B-00C04F79EFBC}") = "Activity0503_ManyToManyWithUniqueNonClusteredIndex", "Activity0503_ManyToManyWithUniqueNonClusteredIndex\Activity0503_ManyToManyWithUniqueNonClusteredIndex.csproj", "{2F8C61E1-137F-4D03-AD90-ED239B295681}"
EndProject
Project("{9A19103F-16F7-4668-BE54-9A1E7A4F7556}") = "InventoryDatabaseCore", "InventoryDatabaseCore\InventoryDatabaseCore.csproj", "{2B074477-211A-4FD3-8CDB-55E57CC9F0E9}"
EndProject
Project("{9A19103F-16F7-4668-BE54-9A1E7A4F7556}") = "InventoryHelpers", "InventoryHelpers\InventoryHelpers.csproj", "{7019CB84-0D3E-4423-9FA3-56B5A30C5508}"
EndProject
Project("{9A19103F-16F7-4668-BE54-9A1E7A4F7556}") = "InventoryModels", "InventoryModels\InventoryModels.csproj", "{C209EB8B-04D1-4F68-8213-A8F7E5221ED7}"
EndProject
Global
	GlobalSection(SolutionConfigurationPlatforms) = preSolution
		Debug|Any CPU = Debug|Any CPU
		Release|Any CPU = Release|Any CPU
	EndGlobalSection
	GlobalSection(ProjectConfigurationPlatforms) = postSolution
		{2F8C61E1-137F-4D03-AD90-ED239B295681}.Debug|Any CPU.ActiveCfg = Debug|Any CPU
		{2F8C61E1-137F-4D03-AD90-ED239B295681}.Debug|Any CPU.Build.0 = Debug|Any CPU
		{2F8C61E1-137F-4D03-AD90-ED239B295681}.Release|Any CPU.ActiveCfg = Release|Any CPU
		{2F8C61E1-137F-4D03-AD90-ED239B295681}.Release|Any CPU.Build.0 = Release|Any CPU
		{2B074477-211A-4FD3-8CDB-55E57CC9F0E9}.Debug|Any CPU.ActiveCfg = Debug|Any CPU
		{2B074477-211A-4FD3-8CDB-55E57CC9F0E9}.Debug|Any CPU.Build.0 = Debug|Any CPU
		{2B074477-211A-4FD3-8CDB-55E57CC9F0E9}.Release|Any CPU.ActiveCfg = Release|Any CPU
		{2B074477-211A-4FD3-8CDB-55E57CC9F0E9}.Release|Any CPU.Build.0 = Release|Any CPU
		{7019CB84-0D3E-4423-9FA3-56B5A30C5508}.Debug|Any CPU.ActiveCfg = Debug|Any CPU
		{7019CB84-0D3E-4423-9FA3-56B5A30C5508}.Debug|Any CPU.Build.0 = Debug|Any CPU
		{7019CB84-0D3E-4423-9FA3-56B5A30C5508}.Release|Any CPU.ActiveCfg = Release|Any CPU
		{7019CB84-0D3E-4423-9FA3-56B5A30C5508}.Release|Any CPU.Build.0 = Release|Any CPU
		{C209EB8B-04D1-4F68-8213-A8F7E5221ED7}.Debug|Any CPU.ActiveCfg = Debug|Any CPU
		{C209EB8B-04D1-4F68-8213-A8F7E5221ED7}.Debug|Any CPU.Build.0 = Debug|Any CPU
		{C209EB8B-04D1-4F68-8213-A8F7E5221ED7}.Release|Any CPU.ActiveCfg = Release|Any CPU
		{C209EB8B-04D1-4F68-8213-A8F7E5221ED7}.Release|Any CPU.Build.0 = Release|Any CPU
	EndGlobalSection
	GlobalSection(SolutionProperties) = preSolution
		HideSolutionNode = FALSE
	EndGlobalSection
	GlobalSection(ExtensibilityGlobals) = postSolution
		SolutionGuid = {596779C9-E9EF-4DCD-95E7-C52C0FE05A36}
	EndGlobalSection
EndGlobal
