
Microsoft Visual Studio Solution File, Format Version 12.00
# Visual Studio Version 16
VisualStudioVersion = 16.0.30002.166
MinimumVisualStudioVersion = 10.0.40219.1
Project("{FAE04EC0-301F-11D3-BF4B-00C04F79EFBC}") = "Activity0903_WorkingWithAutomapper", "Activity0903_WorkingWithAutomapper\Activity0903_WorkingWithAutomapper.csproj", "{C471CC87-389A-47E6-BAF2-1D72ED763A50}"
EndProject
Project("{9A19103F-16F7-4668-BE54-9A1E7A4F7556}") = "InventoryDatabaseCore", "InventoryDatabaseCore\InventoryDatabaseCore.csproj", "{5057335D-C990-4A03-A681-947284FB17B2}"
EndProject
Project("{9A19103F-16F7-4668-BE54-9A1E7A4F7556}") = "InventoryDataMigrator", "InventoryDataMigrator\InventoryDataMigrator.csproj", "{CB5E4F15-2CAF-48D1-B0DA-C0D2D15C7DFC}"
EndProject
Project("{9A19103F-16F7-4668-BE54-9A1E7A4F7556}") = "InventoryHelpers", "InventoryHelpers\InventoryHelpers.csproj", "{1CD1F939-090A-4F80-8101-D5031557525C}"
EndProject
Project("{9A19103F-16F7-4668-BE54-9A1E7A4F7556}") = "InventoryModels", "InventoryModels\InventoryModels.csproj", "{8CC1900E-497E-4FED-9211-03B2C703ABE1}"
EndProject
Global
	GlobalSection(SolutionConfigurationPlatforms) = preSolution
		Debug|Any CPU = Debug|Any CPU
		Release|Any CPU = Release|Any CPU
	EndGlobalSection
	GlobalSection(ProjectConfigurationPlatforms) = postSolution
		{C471CC87-389A-47E6-BAF2-1D72ED763A50}.Debug|Any CPU.ActiveCfg = Debug|Any CPU
		{C471CC87-389A-47E6-BAF2-1D72ED763A50}.Debug|Any CPU.Build.0 = Debug|Any CPU
		{C471CC87-389A-47E6-BAF2-1D72ED763A50}.Release|Any CPU.ActiveCfg = Release|Any CPU
		{C471CC87-389A-47E6-BAF2-1D72ED763A50}.Release|Any CPU.Build.0 = Release|Any CPU
		{5057335D-C990-4A03-A681-947284FB17B2}.Debug|Any CPU.ActiveCfg = Debug|Any CPU
		{5057335D-C990-4A03-A681-947284FB17B2}.Debug|Any CPU.Build.0 = Debug|Any CPU
		{5057335D-C990-4A03-A681-947284FB17B2}.Release|Any CPU.ActiveCfg = Release|Any CPU
		{5057335D-C990-4A03-A681-947284FB17B2}.Release|Any CPU.Build.0 = Release|Any CPU
		{CB5E4F15-2CAF-48D1-B0DA-C0D2D15C7DFC}.Debug|Any CPU.ActiveCfg = Debug|Any CPU
		{CB5E4F15-2CAF-48D1-B0DA-C0D2D15C7DFC}.Debug|Any CPU.Build.0 = Debug|Any CPU
		{CB5E4F15-2CAF-48D1-B0DA-C0D2D15C7DFC}.Release|Any CPU.ActiveCfg = Release|Any CPU
		{CB5E4F15-2CAF-48D1-B0DA-C0D2D15C7DFC}.Release|Any CPU.Build.0 = Release|Any CPU
		{1CD1F939-090A-4F80-8101-D5031557525C}.Debug|Any CPU.ActiveCfg = Debug|Any CPU
		{1CD1F939-090A-4F80-8101-D5031557525C}.Debug|Any CPU.Build.0 = Debug|Any CPU
		{1CD1F939-090A-4F80-8101-D5031557525C}.Release|Any CPU.ActiveCfg = Release|Any CPU
		{1CD1F939-090A-4F80-8101-D5031557525C}.Release|Any CPU.Build.0 = Release|Any CPU
		{8CC1900E-497E-4FED-9211-03B2C703ABE1}.Debug|Any CPU.ActiveCfg = Debug|Any CPU
		{8CC1900E-497E-4FED-9211-03B2C703ABE1}.Debug|Any CPU.Build.0 = Debug|Any CPU
		{8CC1900E-497E-4FED-9211-03B2C703ABE1}.Release|Any CPU.ActiveCfg = Release|Any CPU
		{8CC1900E-497E-4FED-9211-03B2C703ABE1}.Release|Any CPU.Build.0 = Release|Any CPU
	EndGlobalSection
	GlobalSection(SolutionProperties) = preSolution
		HideSolutionNode = FALSE
	EndGlobalSection
	GlobalSection(ExtensibilityGlobals) = postSolution
		SolutionGuid = {8DC37BEC-22AF-4EA6-A923-B91D1F503148}
	EndGlobalSection
EndGlobal
