
Microsoft Visual Studio Solution File, Format Version 12.00
# Visual Studio Version 16
VisualStudioVersion = 16.0.30002.166
MinimumVisualStudioVersion = 10.0.40219.1
Project("{9A19103F-16F7-4668-BE54-9A1E7A4F7556}") = "Activity0302_EFCoreNewDb", "Activity0302_EFCoreNewDb\Activity0302_EFCoreNewDb.csproj", "{EEFD2746-E983-43F7-ACF0-CD994414E2D8}"
EndProject
Project("{9A19103F-16F7-4668-BE54-9A1E7A4F7556}") = "InventoryDatabaseCore", "InventoryDatabaseCore\InventoryDatabaseCore.csproj", "{6CABB9E7-ABE8-451E-97A2-E6A4D06C3781}"
EndProject
Project("{FAE04EC0-301F-11D3-BF4B-00C04F79EFBC}") = "InventoryModels", "InventoryModels\InventoryModels.csproj", "{BFAE9C7C-DC12-4A6E-A6B7-4C6AB9BEED97}"
EndProject
Global
	GlobalSection(SolutionConfigurationPlatforms) = preSolution
		Debug|Any CPU = Debug|Any CPU
		Release|Any CPU = Release|Any CPU
	EndGlobalSection
	GlobalSection(ProjectConfigurationPlatforms) = postSolution
		{EEFD2746-E983-43F7-ACF0-CD994414E2D8}.Debug|Any CPU.ActiveCfg = Debug|Any CPU
		{EEFD2746-E983-43F7-ACF0-CD994414E2D8}.Debug|Any CPU.Build.0 = Debug|Any CPU
		{EEFD2746-E983-43F7-ACF0-CD994414E2D8}.Release|Any CPU.ActiveCfg = Release|Any CPU
		{EEFD2746-E983-43F7-ACF0-CD994414E2D8}.Release|Any CPU.Build.0 = Release|Any CPU
		{6CABB9E7-ABE8-451E-97A2-E6A4D06C3781}.Debug|Any CPU.ActiveCfg = Debug|Any CPU
		{6CABB9E7-ABE8-451E-97A2-E6A4D06C3781}.Debug|Any CPU.Build.0 = Debug|Any CPU
		{6CABB9E7-ABE8-451E-97A2-E6A4D06C3781}.Release|Any CPU.ActiveCfg = Release|Any CPU
		{6CABB9E7-ABE8-451E-97A2-E6A4D06C3781}.Release|Any CPU.Build.0 = Release|Any CPU
		{BFAE9C7C-DC12-4A6E-A6B7-4C6AB9BEED97}.Debug|Any CPU.ActiveCfg = Debug|Any CPU
		{BFAE9C7C-DC12-4A6E-A6B7-4C6AB9BEED97}.Debug|Any CPU.Build.0 = Debug|Any CPU
		{BFAE9C7C-DC12-4A6E-A6B7-4C6AB9BEED97}.Release|Any CPU.ActiveCfg = Release|Any CPU
		{BFAE9C7C-DC12-4A6E-A6B7-4C6AB9BEED97}.Release|Any CPU.Build.0 = Release|Any CPU
	EndGlobalSection
	GlobalSection(SolutionProperties) = preSolution
		HideSolutionNode = FALSE
	EndGlobalSection
	GlobalSection(ExtensibilityGlobals) = postSolution
		SolutionGuid = {F6F8A6D6-04E5-4B21-A1FB-6464BC421F8D}
	EndGlobalSection
EndGlobal
